{
  "name": "@tishlang/orbit",
  "version": "0.1.0",
  "lockfileVersion": 3,
  "requires": true,
  "packages": {
    "": {
      "name": "@tishlang/orbit",
      "version": "0.1.0",
      "license": "MIT",
      "dependencies": {
        "@tishlang/tishdoc-parse": "^1.0.0",
        "@tishlang/tishdoc-render-html": "^1.0.0"
      },
      "bin": {
        "orbit": "bin/orbit.mjs"
      },
      "devDependencies": {
        "@tishlang/tish": "4.0.1",
        "@tishlang/tish-lint": "^4.0.1"
      },
      "peerDependencies": {
        "@tishlang/tish": ">=4.0.1"
      }
    },
    "node_modules/@tishlang/tish": {
      "version": "4.0.1",
      "resolved": "https://registry.npmjs.org/@tishlang/tish/-/tish-4.0.1.tgz",
      "integrity": "sha512-HnhS1mZCerYaBrmuO5pjhdffjK18WiyY5ZgPdYGQyW44kelKLDGu7pKDhpJ+gvLatACsQCNB3p1efKGaDA3z8w==",
      "dev": true,
      "hasInstallScript": true,
      "license": "MIT",
      "bin": {
        "tish": "bin/tish"
      },
      "engines": {
        "node": ">=22"
      }
    },
    "node_modules/@tishlang/tish-lint": {
      "version": "4.0.1",
      "resolved": "https://registry.npmjs.org/@tishlang/tish-lint/-/tish-lint-4.0.1.tgz",
      "integrity": "sha512-aPu/IckGWTr8Fk/xWfbDZk9cHyhUP1xkqY+WD/37iGkOZxrGSQz5/8M1V6UlJpLqvxParKDQZ6iI6g3JQtV6VA==",
      "dev": true,
      "hasInstallScript": true,
      "license": "MIT",
      "bin": {
        "tish-lint": "bin/tish-lint"
      },
      "engines": {
        "node": ">=22"
      }
    },
    "node_modules/@tishlang/tish-syntax-highlight": {
      "version": "0.1.0",
      "resolved": "https://registry.npmjs.org/@tishlang/tish-syntax-highlight/-/tish-syntax-highlight-0.1.0.tgz",
      "integrity": "sha512-c549lzM1dq30LfL1oim2HegougB6/AIc+Ll5gz5tgo1re+byS6jaaQBZfEDEt2ackG85EqMxGfRGobutisEGog=="
    },
    "node_modules/@tishlang/tishdoc-parse": {
      "version": "1.0.0",
      "resolved": "https://registry.npmjs.org/@tishlang/tishdoc-parse/-/tishdoc-parse-1.0.0.tgz",
      "integrity": "sha512-PYp7D/dmsFrbm2KEcYL6TioVOL1Ke7CXcIakiAXJi2wYRJ+cnvfEg+5ZUNnTqylYIdnu79cwkIuUmOwMJpQMyw==",
      "license": "MIT"
    },
    "node_modules/@tishlang/tishdoc-render-html": {
      "version": "1.0.0",
      "resolved": "https://registry.npmjs.org/@tishlang/tishdoc-render-html/-/tishdoc-render-html-1.0.0.tgz",
      "integrity": "sha512-hVKxLgyigzvA4QV5jgAhWQKks1VMxyRtKNZcpyamwrWK7QjPFsuPU9XDX3RkX3uV+ZUO3Zo5rxb3DelVIgChQQ==",
      "license": "MIT",
      "dependencies": {
        "@tishlang/tish-syntax-highlight": "*"
      },
      "peerDependencies": {
        "@tishlang/tish-syntax-highlight": "*"
      }
    }
  }
}
