{
  "name": "@tishlang/orbit",
  "version": "0.1.0",
  "lockfileVersion": 3,
  "requires": true,
  "packages": {
    "": {
      "name": "@tishlang/orbit",
      "version": "0.1.0",
      "license": "MIT",
      "dependencies": {
        "@schlopai/tish-dark-matter": "latest",
        "@tishlang/tish-tailwind": "latest",
        "@tishlang/tishdoc-parse": "latest",
        "@tishlang/tishdoc-render-html": "latest"
      },
      "bin": {
        "orbit": "bin/orbit.mjs"
      },
      "devDependencies": {
        "@tishlang/tish": "^3.10.11"
      },
      "peerDependencies": {
        "@tishlang/tish": ">=3.10.11"
      }
    },
    "node_modules/@schlopai/tish-dark-matter": {
      "version": "1.0.1",
      "resolved": "https://registry.npmjs.org/@schlopai/tish-dark-matter/-/tish-dark-matter-1.0.1.tgz",
      "integrity": "sha512-Ev9h0YGRe3tJa+9K285xwpwCbGh6zMfEHMkwL/+fq5YPpnV6osgP22PNxr/Tiz7BXKCHHKqWxEXiGebvUI5zDQ==",
      "license": "PIF"
    },
    "node_modules/@tishlang/tish": {
      "version": "3.10.11",
      "resolved": "https://registry.npmjs.org/@tishlang/tish/-/tish-3.10.11.tgz",
      "integrity": "sha512-NEGsKA/uhgaJpeA2WZcFoMCaHJO9CZAylm8hl5vJCLyX5Ui8uNjLOOaQmOa2eZUeKaA2+lUwMfeBGGBsIDeK1A==",
      "dev": true,
      "hasInstallScript": true,
      "license": "PIF",
      "bin": {
        "tish": "bin/tish"
      },
      "engines": {
        "node": ">=22"
      }
    },
    "node_modules/@tishlang/tish-syntax-highlight": {
      "version": "0.1.0",
      "resolved": "https://registry.npmjs.org/@tishlang/tish-syntax-highlight/-/tish-syntax-highlight-0.1.0.tgz",
      "integrity": "sha512-c549lzM1dq30LfL1oim2HegougB6/AIc+Ll5gz5tgo1re+byS6jaaQBZfEDEt2ackG85EqMxGfRGobutisEGog=="
    },
    "node_modules/@tishlang/tish-tailwind": {
      "version": "1.0.0",
      "resolved": "https://registry.npmjs.org/@tishlang/tish-tailwind/-/tish-tailwind-1.0.0.tgz",
      "integrity": "sha512-CUyRkcXOhL8Xl5lgAZtrGNowMjqJXCB6/5jqY2oGhQL7VdrWuaqieuSdpqGc/feYs/ni2N7EHRJJxEr7DO0vdg==",
      "license": "PIF"
    },
    "node_modules/@tishlang/tishdoc-parse": {
      "version": "0.1.0",
      "resolved": "https://registry.npmjs.org/@tishlang/tishdoc-parse/-/tishdoc-parse-0.1.0.tgz",
      "integrity": "sha512-Pe9ue7I954Dg+NdBgemfdW1akUffNJe++YnWD+NRiWS+pWLymhqIsHOqB/leQN1pFIztR19770dhbZKLsYsXRw=="
    },
    "node_modules/@tishlang/tishdoc-render-html": {
      "version": "0.1.0",
      "resolved": "https://registry.npmjs.org/@tishlang/tishdoc-render-html/-/tishdoc-render-html-0.1.0.tgz",
      "integrity": "sha512-sD4OOVYG4cpJ5wXNjbiqdnmL4+RF5TYn44SKmjNqeICdjnTbLpSRSe+vNQEEssc5LXF3DstR3WJ2X6nSfdbXOw==",
      "dependencies": {
        "@tishlang/tish-syntax-highlight": "^0.1.0"
      },
      "peerDependencies": {
        "@tishlang/tish-syntax-highlight": "*"
      }
    }
  }
}
